
Microsoft Visual Studio Solution File, Format Version 12.00
# Visual Studio 15
VisualStudioVersion = 15.0.27130.2036
MinimumVisualStudioVersion = 10.0.40219.1
Project("{FAE04EC0-301F-11D3-BF4B-00C04F79EFBC}") = "MasterDetailLearning.Android", "MasterDetailLearning\MasterDetailLearning.Android\MasterDetailLearning.Android.csproj", "{E9E8E51B-8C58-4CA6-AF43-4745A5C36F66}"
EndProject
Project("{FAE04EC0-301F-11D3-BF4B-00C04F79EFBC}") = "MasterDetailLearning.iOS", "MasterDetailLearning\MasterDetailLearning.iOS\MasterDetailLearning.iOS.csproj", "{58569C0F-DFB2-480F-8CA7-6DF7180E274D}"
EndProject
Project("{FAE04EC0-301F-11D3-BF4B-00C04F79EFBC}") = "MasterDetailLearning.UWP", "MasterDetailLearning\MasterDetailLearning.UWP\MasterDetailLearning.UWP.csproj", "{FE760AE3-564B-4CD2-A510-CF4FF66B5A4A}"
EndProject
Project("{FAE04EC0-301F-11D3-BF4B-00C04F79EFBC}") = "MasterDetailLearning", "MasterDetailLearning\MasterDetailLearning\MasterDetailLearning.csproj", "{15689182-7884-4A38-B2FB-E0297F68068F}"
EndProject
Global
	GlobalSection(SolutionConfigurationPlatforms) = preSolution
		Ad-Hoc|Any CPU = Ad-Hoc|Any CPU
		Ad-Hoc|ARM = Ad-Hoc|ARM
		Ad-Hoc|iPhone = Ad-Hoc|iPhone
		Ad-Hoc|iPhoneSimulator = Ad-Hoc|iPhoneSimulator
		Ad-Hoc|x64 = Ad-Hoc|x64
		Ad-Hoc|x86 = Ad-Hoc|x86
		AppStore|Any CPU = AppStore|Any CPU
		AppStore|ARM = AppStore|ARM
		AppStore|iPhone = AppStore|iPhone
		AppStore|iPhoneSimulator = AppStore|iPhoneSimulator
		AppStore|x64 = AppStore|x64
		AppStore|x86 = AppStore|x86
		Debug|Any CPU = Debug|Any CPU
		Debug|ARM = Debug|ARM
		Debug|iPhone = Debug|iPhone
		Debug|iPhoneSimulator = Debug|iPhoneSimulator
		Debug|x64 = Debug|x64
		Debug|x86 = Debug|x86
		Release|Any CPU = Release|Any CPU
		Release|ARM = Release|ARM
		Release|iPhone = Release|iPhone
		Release|iPhoneSimulator = Release|iPhoneSimulator
		Release|x64 = Release|x64
		Release|x86 = Release|x86
	EndGlobalSection
	GlobalSection(ProjectConfigurationPlatforms) = postSolution
		{E9E8E51B-8C58-4CA6-AF43-4745A5C36F66}.Ad-Hoc|Any CPU.ActiveCfg = Release|Any CPU
		{E9E8E51B-8C58-4CA6-AF43-4745A5C36F66}.Ad-Hoc|Any CPU.Build.0 = Release|Any CPU
		{E9E8E51B-8C58-4CA6-AF43-4745A5C36F66}.Ad-Hoc|Any CPU.Deploy.0 = Release|Any CPU
		{E9E8E51B-8C58-4CA6-AF43-4745A5C36F66}.Ad-Hoc|ARM.ActiveCfg = Release|Any CPU
		{E9E8E51B-8C58-4CA6-AF43-4745A5C36F66}.Ad-Hoc|ARM.Build.0 = Release|Any CPU
		{E9E8E51B-8C58-4CA6-AF43-4745A5C36F66}.Ad-Hoc|ARM.Deploy.0 = Release|Any CPU
		{E9E8E51B-8C58-4CA6-AF43-4745A5C36F66}.Ad-Hoc|iPhone.ActiveCfg = Release|Any CPU
		{E9E8E51B-8C58-4CA6-AF43-4745A5C36F66}.Ad-Hoc|iPhone.Build.0 = Release|Any CPU
		{E9E8E51B-8C58-4CA6-AF43-4745A5C36F66}.Ad-Hoc|iPhone.Deploy.0 = Release|Any CPU
		{E9E8E51B-8C58-4CA6-AF43-4745A5C36F66}.Ad-Hoc|iPhoneSimulator.ActiveCfg = Release|Any CPU
		{E9E8E51B-8C58-4CA6-AF43-4745A5C36F66}.Ad-Hoc|iPhoneSimulator.Build.0 = Release|Any CPU
		{E9E8E51B-8C58-4CA6-AF43-4745A5C36F66}.Ad-Hoc|iPhoneSimulator.Deploy.0 = Release|Any CPU
		{E9E8E51B-8C58-4CA6-AF43-4745A5C36F66}.Ad-Hoc|x64.ActiveCfg = Release|Any CPU
		{E9E8E51B-8C58-4CA6-AF43-4745A5C36F66}.Ad-Hoc|x64.Build.0 = Release|Any CPU
		{E9E8E51B-8C58-4CA6-AF43-4745A5C36F66}.Ad-Hoc|x64.Deploy.0 = Release|Any CPU
		{E9E8E51B-8C58-4CA6-AF43-4745A5C36F66}.Ad-Hoc|x86.ActiveCfg = Release|Any CPU
		{E9E8E51B-8C58-4CA6-AF43-4745A5C36F66}.Ad-Hoc|x86.Build.0 = Release|Any CPU
		{E9E8E51B-8C58-4CA6-AF43-4745A5C36F66}.Ad-Hoc|x86.Deploy.0 = Release|Any CPU
		{E9E8E51B-8C58-4CA6-AF43-4745A5C36F66}.AppStore|Any CPU.ActiveCfg = Release|Any CPU
		{E9E8E51B-8C58-4CA6-AF43-4745A5C36F66}.AppStore|Any CPU.Build.0 = Release|Any CPU
		{E9E8E51B-8C58-4CA6-AF43-4745A5C36F66}.AppStore|Any CPU.Deploy.0 = Release|Any CPU
		{E9E8E51B-8C58-4CA6-AF43-4745A5C36F66}.AppStore|ARM.ActiveCfg = Release|Any CPU
		{E9E8E51B-8C58-4CA6-AF43-4745A5C36F66}.AppStore|ARM.Build.0 = Release|Any CPU
		{E9E8E51B-8C58-4CA6-AF43-4745A5C36F66}.AppStore|ARM.Deploy.0 = Release|Any CPU
		{E9E8E51B-8C58-4CA6-AF43-4745A5C36F66}.AppStore|iPhone.ActiveCfg = Release|Any CPU
		{E9E8E51B-8C58-4CA6-AF43-4745A5C36F66}.AppStore|iPhone.Build.0 = Release|Any CPU
		{E9E8E51B-8C58-4CA6-AF43-4745A5C36F66}.AppStore|iPhone.Deploy.0 = Release|Any CPU
		{E9E8E51B-8C58-4CA6-AF43-4745A5C36F66}.AppStore|iPhoneSimulator.ActiveCfg = Release|Any CPU
		{E9E8E51B-8C58-4CA6-AF43-4745A5C36F66}.AppStore|iPhoneSimulator.Build.0 = Release|Any CPU
		{E9E8E51B-8C58-4CA6-AF43-4745A5C36F66}.AppStore|iPhoneSimulator.Deploy.0 = Release|Any CPU
		{E9E8E51B-8C58-4CA6-AF43-4745A5C36F66}.AppStore|x64.ActiveCfg = Release|Any CPU
		{E9E8E51B-8C58-4CA6-AF43-4745A5C36F66}.AppStore|x64.Build.0 = Release|Any CPU
		{E9E8E51B-8C58-4CA6-AF43-4745A5C36F66}.AppStore|x64.Deploy.0 = Release|Any CPU
		{E9E8E51B-8C58-4CA6-AF43-4745A5C36F66}.AppStore|x86.ActiveCfg = Release|Any CPU
		{E9E8E51B-8C58-4CA6-AF43-4745A5C36F66}.AppStore|x86.Build.0 = Release|Any CPU
		{E9E8E51B-8C58-4CA6-AF43-4745A5C36F66}.AppStore|x86.Deploy.0 = Release|Any CPU
		{E9E8E51B-8C58-4CA6-AF43-4745A5C36F66}.Debug|Any CPU.ActiveCfg = Debug|Any CPU
		{E9E8E51B-8C58-4CA6-AF43-4745A5C36F66}.Debug|Any CPU.Build.0 = Debug|Any CPU
		{E9E8E51B-8C58-4CA6-AF43-4745A5C36F66}.Debug|Any CPU.Deploy.0 = Debug|Any CPU
		{E9E8E51B-8C58-4CA6-AF43-4745A5C36F66}.Debug|ARM.ActiveCfg = Debug|Any CPU
		{E9E8E51B-8C58-4CA6-AF43-4745A5C36F66}.Debug|ARM.Build.0 = Debug|Any CPU
		{E9E8E51B-8C58-4CA6-AF43-4745A5C36F66}.Debug|ARM.Deploy.0 = Debug|Any CPU
		{E9E8E51B-8C58-4CA6-AF43-4745A5C36F66}.Debug|iPhone.ActiveCfg = Debug|Any CPU
		{E9E8E51B-8C58-4CA6-AF43-4745A5C36F66}.Debug|iPhone.Build.0 = Debug|Any CPU
		{E9E8E51B-8C58-4CA6-AF43-4745A5C36F66}.Debug|iPhone.Deploy.0 = Debug|Any CPU
		{E9E8E51B-8C58-4CA6-AF43-4745A5C36F66}.Debug|iPhoneSimulator.ActiveCfg = Debug|Any CPU
		{E9E8E51B-8C58-4CA6-AF43-4745A5C36F66}.Debug|iPhoneSimulator.Build.0 = Debug|Any CPU
		{E9E8E51B-8C58-4CA6-AF43-4745A5C36F66}.Debug|iPhoneSimulator.Deploy.0 = Debug|Any CPU
		{E9E8E51B-8C58-4CA6-AF43-4745A5C36F66}.Debug|x64.ActiveCfg = Debug|Any CPU
		{E9E8E51B-8C58-4CA6-AF43-4745A5C36F66}.Debug|x64.Build.0 = Debug|Any CPU
		{E9E8E51B-8C58-4CA6-AF43-4745A5C36F66}.Debug|x64.Deploy.0 = Debug|Any CPU
		{E9E8E51B-8C58-4CA6-AF43-4745A5C36F66}.Debug|x86.ActiveCfg = Debug|Any CPU
		{E9E8E51B-8C58-4CA6-AF43-4745A5C36F66}.Debug|x86.Build.0 = Debug|Any CPU
		{E9E8E51B-8C58-4CA6-AF43-4745A5C36F66}.Debug|x86.Deploy.0 = Debug|Any CPU
		{E9E8E51B-8C58-4CA6-AF43-4745A5C36F66}.Release|Any CPU.ActiveCfg = Release|Any CPU
		{E9E8E51B-8C58-4CA6-AF43-4745A5C36F66}.Release|Any CPU.Build.0 = Release|Any CPU
		{E9E8E51B-8C58-4CA6-AF43-4745A5C36F66}.Release|Any CPU.Deploy.0 = Release|Any CPU
		{E9E8E51B-8C58-4CA6-AF43-4745A5C36F66}.Release|ARM.ActiveCfg = Release|Any CPU
		{E9E8E51B-8C58-4CA6-AF43-4745A5C36F66}.Release|ARM.Build.0 = Release|Any CPU
		{E9E8E51B-8C58-4CA6-AF43-4745A5C36F66}.Release|ARM.Deploy.0 = Release|Any CPU
		{E9E8E51B-8C58-4CA6-AF43-4745A5C36F66}.Release|iPhone.ActiveCfg = Release|Any CPU
		{E9E8E51B-8C58-4CA6-AF43-4745A5C36F66}.Release|iPhone.Build.0 = Release|Any CPU
		{E9E8E51B-8C58-4CA6-AF43-4745A5C36F66}.Release|iPhone.Deploy.0 = Release|Any CPU
		{E9E8E51B-8C58-4CA6-AF43-4745A5C36F66}.Release|iPhoneSimulator.ActiveCfg = Release|Any CPU
		{E9E8E51B-8C58-4CA6-AF43-4745A5C36F66}.Release|iPhoneSimulator.Build.0 = Release|Any CPU
		{E9E8E51B-8C58-4CA6-AF43-4745A5C36F66}.Release|iPhoneSimulator.Deploy.0 = Release|Any CPU
		{E9E8E51B-8C58-4CA6-AF43-4745A5C36F66}.Release|x64.ActiveCfg = Release|Any CPU
		{E9E8E51B-8C58-4CA6-AF43-4745A5C36F66}.Release|x64.Build.0 = Release|Any CPU
		{E9E8E51B-8C58-4CA6-AF43-4745A5C36F66}.Release|x64.Deploy.0 = Release|Any CPU
		{E9E8E51B-8C58-4CA6-AF43-4745A5C36F66}.Release|x86.ActiveCfg = Release|Any CPU
		{E9E8E51B-8C58-4CA6-AF43-4745A5C36F66}.Release|x86.Build.0 = Release|Any CPU
		{E9E8E51B-8C58-4CA6-AF43-4745A5C36F66}.Release|x86.Deploy.0 = Release|Any CPU
		{58569C0F-DFB2-480F-8CA7-6DF7180E274D}.Ad-Hoc|Any CPU.ActiveCfg = Ad-Hoc|iPhone
		{58569C0F-DFB2-480F-8CA7-6DF7180E274D}.Ad-Hoc|ARM.ActiveCfg = Ad-Hoc|iPhone
		{58569C0F-DFB2-480F-8CA7-6DF7180E274D}.Ad-Hoc|iPhone.ActiveCfg = Ad-Hoc|iPhone
		{58569C0F-DFB2-480F-8CA7-6DF7180E274D}.Ad-Hoc|iPhone.Build.0 = Ad-Hoc|iPhone
		{58569C0F-DFB2-480F-8CA7-6DF7180E274D}.Ad-Hoc|iPhoneSimulator.ActiveCfg = Ad-Hoc|iPhoneSimulator
		{58569C0F-DFB2-480F-8CA7-6DF7180E274D}.Ad-Hoc|iPhoneSimulator.Build.0 = Ad-Hoc|iPhoneSimulator
		{58569C0F-DFB2-480F-8CA7-6DF7180E274D}.Ad-Hoc|x64.ActiveCfg = Ad-Hoc|iPhone
		{58569C0F-DFB2-480F-8CA7-6DF7180E274D}.Ad-Hoc|x86.ActiveCfg = Ad-Hoc|iPhone
		{58569C0F-DFB2-480F-8CA7-6DF7180E274D}.AppStore|Any CPU.ActiveCfg = AppStore|iPhone
		{58569C0F-DFB2-480F-8CA7-6DF7180E274D}.AppStore|ARM.ActiveCfg = AppStore|iPhone
		{58569C0F-DFB2-480F-8CA7-6DF7180E274D}.AppStore|iPhone.ActiveCfg = AppStore|iPhone
		{58569C0F-DFB2-480F-8CA7-6DF7180E274D}.AppStore|iPhone.Build.0 = AppStore|iPhone
		{58569C0F-DFB2-480F-8CA7-6DF7180E274D}.AppStore|iPhoneSimulator.ActiveCfg = AppStore|iPhoneSimulator
		{58569C0F-DFB2-480F-8CA7-6DF7180E274D}.AppStore|iPhoneSimulator.Build.0 = AppStore|iPhoneSimulator
		{58569C0F-DFB2-480F-8CA7-6DF7180E274D}.AppStore|x64.ActiveCfg = AppStore|iPhone
		{58569C0F-DFB2-480F-8CA7-6DF7180E274D}.AppStore|x86.ActiveCfg = AppStore|iPhone
		{58569C0F-DFB2-480F-8CA7-6DF7180E274D}.Debug|Any CPU.ActiveCfg = Debug|iPhone
		{58569C0F-DFB2-480F-8CA7-6DF7180E274D}.Debug|ARM.ActiveCfg = Debug|iPhone
		{58569C0F-DFB2-480F-8CA7-6DF7180E274D}.Debug|iPhone.ActiveCfg = Debug|iPhone
		{58569C0F-DFB2-480F-8CA7-6DF7180E274D}.Debug|iPhone.Build.0 = Debug|iPhone
		{58569C0F-DFB2-480F-8CA7-6DF7180E274D}.Debug|iPhoneSimulator.ActiveCfg = Debug|iPhoneSimulator
		{58569C0F-DFB2-480F-8CA7-6DF7180E274D}.Debug|iPhoneSimulator.Build.0 = Debug|iPhoneSimulator
		{58569C0F-DFB2-480F-8CA7-6DF7180E274D}.Debug|x64.ActiveCfg = Debug|iPhone
		{58569C0F-DFB2-480F-8CA7-6DF7180E274D}.Debug|x86.ActiveCfg = Debug|iPhone
		{58569C0F-DFB2-480F-8CA7-6DF7180E274D}.Release|Any CPU.ActiveCfg = Release|iPhone
		{58569C0F-DFB2-480F-8CA7-6DF7180E274D}.Release|ARM.ActiveCfg = Release|iPhone
		{58569C0F-DFB2-480F-8CA7-6DF7180E274D}.Release|iPhone.ActiveCfg = Release|iPhone
		{58569C0F-DFB2-480F-8CA7-6DF7180E274D}.Release|iPhone.Build.0 = Release|iPhone
		{58569C0F-DFB2-480F-8CA7-6DF7180E274D}.Release|iPhoneSimulator.ActiveCfg = Release|iPhoneSimulator
		{58569C0F-DFB2-480F-8CA7-6DF7180E274D}.Release|iPhoneSimulator.Build.0 = Release|iPhoneSimulator
		{58569C0F-DFB2-480F-8CA7-6DF7180E274D}.Release|x64.ActiveCfg = Release|iPhone
		{58569C0F-DFB2-480F-8CA7-6DF7180E274D}.Release|x86.ActiveCfg = Release|iPhone
		{FE760AE3-564B-4CD2-A510-CF4FF66B5A4A}.Ad-Hoc|Any CPU.ActiveCfg = Release|x86
		{FE760AE3-564B-4CD2-A510-CF4FF66B5A4A}.Ad-Hoc|Any CPU.Build.0 = Release|x86
		{FE760AE3-564B-4CD2-A510-CF4FF66B5A4A}.Ad-Hoc|Any CPU.Deploy.0 = Release|x86
		{FE760AE3-564B-4CD2-A510-CF4FF66B5A4A}.Ad-Hoc|ARM.ActiveCfg = Release|ARM
		{FE760AE3-564B-4CD2-A510-CF4FF66B5A4A}.Ad-Hoc|ARM.Build.0 = Release|ARM
		{FE760AE3-564B-4CD2-A510-CF4FF66B5A4A}.Ad-Hoc|ARM.Deploy.0 = Release|ARM
		{FE760AE3-564B-4CD2-A510-CF4FF66B5A4A}.Ad-Hoc|iPhone.ActiveCfg = Release|x86
		{FE760AE3-564B-4CD2-A510-CF4FF66B5A4A}.Ad-Hoc|iPhone.Build.0 = Release|x86
		{FE760AE3-564B-4CD2-A510-CF4FF66B5A4A}.Ad-Hoc|iPhone.Deploy.0 = Release|x86
		{FE760AE3-564B-4CD2-A510-CF4FF66B5A4A}.Ad-Hoc|iPhoneSimulator.ActiveCfg = Release|x86
		{FE760AE3-564B-4CD2-A510-CF4FF66B5A4A}.Ad-Hoc|iPhoneSimulator.Build.0 = Release|x86
		{FE760AE3-564B-4CD2-A510-CF4FF66B5A4A}.Ad-Hoc|iPhoneSimulator.Deploy.0 = Release|x86
		{FE760AE3-564B-4CD2-A510-CF4FF66B5A4A}.Ad-Hoc|x64.ActiveCfg = Release|x64
		{FE760AE3-564B-4CD2-A510-CF4FF66B5A4A}.Ad-Hoc|x64.Build.0 = Release|x64
		{FE760AE3-564B-4CD2-A510-CF4FF66B5A4A}.Ad-Hoc|x64.Deploy.0 = Release|x64
		{FE760AE3-564B-4CD2-A510-CF4FF66B5A4A}.Ad-Hoc|x86.ActiveCfg = Release|x86
		{FE760AE3-564B-4CD2-A510-CF4FF66B5A4A}.Ad-Hoc|x86.Build.0 = Release|x86
		{FE760AE3-564B-4CD2-A510-CF4FF66B5A4A}.Ad-Hoc|x86.Deploy.0 = Release|x86
		{FE760AE3-564B-4CD2-A510-CF4FF66B5A4A}.AppStore|Any CPU.ActiveCfg = Release|x86
		{FE760AE3-564B-4CD2-A510-CF4FF66B5A4A}.AppStore|Any CPU.Build.0 = Release|x86
		{FE760AE3-564B-4CD2-A510-CF4FF66B5A4A}.AppStore|Any CPU.Deploy.0 = Release|x86
		{FE760AE3-564B-4CD2-A510-CF4FF66B5A4A}.AppStore|ARM.ActiveCfg = Release|ARM
		{FE760AE3-564B-4CD2-A510-CF4FF66B5A4A}.AppStore|ARM.Build.0 = Release|ARM
		{FE760AE3-564B-4CD2-A510-CF4FF66B5A4A}.AppStore|ARM.Deploy.0 = Release|ARM
		{FE760AE3-564B-4CD2-A510-CF4FF66B5A4A}.AppStore|iPhone.ActiveCfg = Release|x86
		{FE760AE3-564B-4CD2-A510-CF4FF66B5A4A}.AppStore|iPhone.Build.0 = Release|x86
		{FE760AE3-564B-4CD2-A510-CF4FF66B5A4A}.AppStore|iPhone.Deploy.0 = Release|x86
		{FE760AE3-564B-4CD2-A510-CF4FF66B5A4A}.AppStore|iPhoneSimulator.ActiveCfg = Release|x86
		{FE760AE3-564B-4CD2-A510-CF4FF66B5A4A}.AppStore|iPhoneSimulator.Build.0 = Release|x86
		{FE760AE3-564B-4CD2-A510-CF4FF66B5A4A}.AppStore|iPhoneSimulator.Deploy.0 = Release|x86
		{FE760AE3-564B-4CD2-A510-CF4FF66B5A4A}.AppStore|x64.ActiveCfg = Release|x64
		{FE760AE3-564B-4CD2-A510-CF4FF66B5A4A}.AppStore|x64.Build.0 = Release|x64
		{FE760AE3-564B-4CD2-A510-CF4FF66B5A4A}.AppStore|x64.Deploy.0 = Release|x64
		{FE760AE3-564B-4CD2-A510-CF4FF66B5A4A}.AppStore|x86.ActiveCfg = Release|x86
		{FE760AE3-564B-4CD2-A510-CF4FF66B5A4A}.AppStore|x86.Build.0 = Release|x86
		{FE760AE3-564B-4CD2-A510-CF4FF66B5A4A}.AppStore|x86.Deploy.0 = Release|x86
		{FE760AE3-564B-4CD2-A510-CF4FF66B5A4A}.Debug|Any CPU.ActiveCfg = Debug|x86
		{FE760AE3-564B-4CD2-A510-CF4FF66B5A4A}.Debug|ARM.ActiveCfg = Debug|ARM
		{FE760AE3-564B-4CD2-A510-CF4FF66B5A4A}.Debug|ARM.Build.0 = Debug|ARM
		{FE760AE3-564B-4CD2-A510-CF4FF66B5A4A}.Debug|ARM.Deploy.0 = Debug|ARM
		{FE760AE3-564B-4CD2-A510-CF4FF66B5A4A}.Debug|iPhone.ActiveCfg = Debug|x86
		{FE760AE3-564B-4CD2-A510-CF4FF66B5A4A}.Debug|iPhoneSimulator.ActiveCfg = Debug|x86
		{FE760AE3-564B-4CD2-A510-CF4FF66B5A4A}.Debug|x64.ActiveCfg = Debug|x64
		{FE760AE3-564B-4CD2-A510-CF4FF66B5A4A}.Debug|x64.Build.0 = Debug|x64
		{FE760AE3-564B-4CD2-A510-CF4FF66B5A4A}.Debug|x64.Deploy.0 = Debug|x64
		{FE760AE3-564B-4CD2-A510-CF4FF66B5A4A}.Debug|x86.ActiveCfg = Debug|x86
		{FE760AE3-564B-4CD2-A510-CF4FF66B5A4A}.Debug|x86.Build.0 = Debug|x86
		{FE760AE3-564B-4CD2-A510-CF4FF66B5A4A}.Debug|x86.Deploy.0 = Debug|x86
		{FE760AE3-564B-4CD2-A510-CF4FF66B5A4A}.Release|Any CPU.ActiveCfg = Release|x86
		{FE760AE3-564B-4CD2-A510-CF4FF66B5A4A}.Release|ARM.ActiveCfg = Release|ARM
		{FE760AE3-564B-4CD2-A510-CF4FF66B5A4A}.Release|ARM.Build.0 = Release|ARM
		{FE760AE3-564B-4CD2-A510-CF4FF66B5A4A}.Release|ARM.Deploy.0 = Release|ARM
		{FE760AE3-564B-4CD2-A510-CF4FF66B5A4A}.Release|iPhone.ActiveCfg = Release|x86
		{FE760AE3-564B-4CD2-A510-CF4FF66B5A4A}.Release|iPhoneSimulator.ActiveCfg = Release|x86
		{FE760AE3-564B-4CD2-A510-CF4FF66B5A4A}.Release|x64.ActiveCfg = Release|x64
		{FE760AE3-564B-4CD2-A510-CF4FF66B5A4A}.Release|x64.Build.0 = Release|x64
		{FE760AE3-564B-4CD2-A510-CF4FF66B5A4A}.Release|x64.Deploy.0 = Release|x64
		{FE760AE3-564B-4CD2-A510-CF4FF66B5A4A}.Release|x86.ActiveCfg = Release|x86
		{FE760AE3-564B-4CD2-A510-CF4FF66B5A4A}.Release|x86.Build.0 = Release|x86
		{FE760AE3-564B-4CD2-A510-CF4FF66B5A4A}.Release|x86.Deploy.0 = Release|x86
		{15689182-7884-4A38-B2FB-E0297F68068F}.Ad-Hoc|Any CPU.ActiveCfg = Debug|Any CPU
		{15689182-7884-4A38-B2FB-E0297F68068F}.Ad-Hoc|Any CPU.Build.0 = Debug|Any CPU
		{15689182-7884-4A38-B2FB-E0297F68068F}.Ad-Hoc|ARM.ActiveCfg = Debug|Any CPU
		{15689182-7884-4A38-B2FB-E0297F68068F}.Ad-Hoc|ARM.Build.0 = Debug|Any CPU
		{15689182-7884-4A38-B2FB-E0297F68068F}.Ad-Hoc|iPhone.ActiveCfg = Debug|Any CPU
		{15689182-7884-4A38-B2FB-E0297F68068F}.Ad-Hoc|iPhone.Build.0 = Debug|Any CPU
		{15689182-7884-4A38-B2FB-E0297F68068F}.Ad-Hoc|iPhoneSimulator.ActiveCfg = Debug|Any CPU
		{15689182-7884-4A38-B2FB-E0297F68068F}.Ad-Hoc|iPhoneSimulator.Build.0 = Debug|Any CPU
		{15689182-7884-4A38-B2FB-E0297F68068F}.Ad-Hoc|x64.ActiveCfg = Debug|Any CPU
		{15689182-7884-4A38-B2FB-E0297F68068F}.Ad-Hoc|x64.Build.0 = Debug|Any CPU
		{15689182-7884-4A38-B2FB-E0297F68068F}.Ad-Hoc|x86.ActiveCfg = Debug|Any CPU
		{15689182-7884-4A38-B2FB-E0297F68068F}.Ad-Hoc|x86.Build.0 = Debug|Any CPU
		{15689182-7884-4A38-B2FB-E0297F68068F}.AppStore|Any CPU.ActiveCfg = Debug|Any CPU
		{15689182-7884-4A38-B2FB-E0297F68068F}.AppStore|Any CPU.Build.0 = Debug|Any CPU
		{15689182-7884-4A38-B2FB-E0297F68068F}.AppStore|ARM.ActiveCfg = Debug|Any CPU
		{15689182-7884-4A38-B2FB-E0297F68068F}.AppStore|ARM.Build.0 = Debug|Any CPU
		{15689182-7884-4A38-B2FB-E0297F68068F}.AppStore|iPhone.ActiveCfg = Debug|Any CPU
		{15689182-7884-4A38-B2FB-E0297F68068F}.AppStore|iPhone.Build.0 = Debug|Any CPU
		{15689182-7884-4A38-B2FB-E0297F68068F}.AppStore|iPhoneSimulator.ActiveCfg = Debug|Any CPU
		{15689182-7884-4A38-B2FB-E0297F68068F}.AppStore|iPhoneSimulator.Build.0 = Debug|Any CPU
		{15689182-7884-4A38-B2FB-E0297F68068F}.AppStore|x64.ActiveCfg = Debug|Any CPU
		{15689182-7884-4A38-B2FB-E0297F68068F}.AppStore|x64.Build.0 = Debug|Any CPU
		{15689182-7884-4A38-B2FB-E0297F68068F}.AppStore|x86.ActiveCfg = Debug|Any CPU
		{15689182-7884-4A38-B2FB-E0297F68068F}.AppStore|x86.Build.0 = Debug|Any CPU
		{15689182-7884-4A38-B2FB-E0297F68068F}.Debug|Any CPU.ActiveCfg = Debug|Any CPU
		{15689182-7884-4A38-B2FB-E0297F68068F}.Debug|Any CPU.Build.0 = Debug|Any CPU
		{15689182-7884-4A38-B2FB-E0297F68068F}.Debug|ARM.ActiveCfg = Debug|Any CPU
		{15689182-7884-4A38-B2FB-E0297F68068F}.Debug|ARM.Build.0 = Debug|Any CPU
		{15689182-7884-4A38-B2FB-E0297F68068F}.Debug|iPhone.ActiveCfg = Debug|Any CPU
		{15689182-7884-4A38-B2FB-E0297F68068F}.Debug|iPhone.Build.0 = Debug|Any CPU
		{15689182-7884-4A38-B2FB-E0297F68068F}.Debug|iPhoneSimulator.ActiveCfg = Debug|Any CPU
		{15689182-7884-4A38-B2FB-E0297F68068F}.Debug|iPhoneSimulator.Build.0 = Debug|Any CPU
		{15689182-7884-4A38-B2FB-E0297F68068F}.Debug|x64.ActiveCfg = Debug|Any CPU
		{15689182-7884-4A38-B2FB-E0297F68068F}.Debug|x64.Build.0 = Debug|Any CPU
		{15689182-7884-4A38-B2FB-E0297F68068F}.Debug|x86.ActiveCfg = Debug|Any CPU
		{15689182-7884-4A38-B2FB-E0297F68068F}.Debug|x86.Build.0 = Debug|Any CPU
		{15689182-7884-4A38-B2FB-E0297F68068F}.Release|Any CPU.ActiveCfg = Release|Any CPU
		{15689182-7884-4A38-B2FB-E0297F68068F}.Release|Any CPU.Build.0 = Release|Any CPU
		{15689182-7884-4A38-B2FB-E0297F68068F}.Release|ARM.ActiveCfg = Release|Any CPU
		{15689182-7884-4A38-B2FB-E0297F68068F}.Release|ARM.Build.0 = Release|Any CPU
		{15689182-7884-4A38-B2FB-E0297F68068F}.Release|iPhone.ActiveCfg = Release|Any CPU
		{15689182-7884-4A38-B2FB-E0297F68068F}.Release|iPhone.Build.0 = Release|Any CPU
		{15689182-7884-4A38-B2FB-E0297F68068F}.Release|iPhoneSimulator.ActiveCfg = Release|Any CPU
		{15689182-7884-4A38-B2FB-E0297F68068F}.Release|iPhoneSimulator.Build.0 = Release|Any CPU
		{15689182-7884-4A38-B2FB-E0297F68068F}.Release|x64.ActiveCfg = Release|Any CPU
		{15689182-7884-4A38-B2FB-E0297F68068F}.Release|x64.Build.0 = Release|Any CPU
		{15689182-7884-4A38-B2FB-E0297F68068F}.Release|x86.ActiveCfg = Release|Any CPU
		{15689182-7884-4A38-B2FB-E0297F68068F}.Release|x86.Build.0 = Release|Any CPU
	EndGlobalSection
	GlobalSection(SolutionProperties) = preSolution
		HideSolutionNode = FALSE
	EndGlobalSection
	GlobalSection(ExtensibilityGlobals) = postSolution
		SolutionGuid = {CD9C891B-71EE-4361-80E2-5C68536F5BEA}
	EndGlobalSection
EndGlobal
